
Microsoft Visual Studio Solution File, Format Version 12.00
# Visual Studio Version 16
VisualStudioVersion = 16.0.30413.136
MinimumVisualStudioVersion = 10.0.40219.1
Project("{FAE04EC0-301F-11D3-BF4B-00C04F79EFBC}") = "SEHoverOneHeight", "SEHoverOneHeight\SEHoverOneHeight.csproj", "{C66EE049-13C3-4E4B-AF5A-890561544BDB}"
EndProject
Global
	GlobalSection(SolutionConfigurationPlatforms) = preSolution
		Debug|x64 = Debug|x64
	EndGlobalSection
	GlobalSection(ProjectConfigurationPlatforms) = postSolution
		{C66EE049-13C3-4E4B-AF5A-890561544BDB}.Debug|x64.ActiveCfg = Debug|x64
		{C66EE049-13C3-4E4B-AF5A-890561544BDB}.Debug|x64.Build.0 = Debug|x64
	EndGlobalSection
	GlobalSection(SolutionProperties) = preSolution
		HideSolutionNode = FALSE
	EndGlobalSection
	GlobalSection(ExtensibilityGlobals) = postSolution
		SolutionGuid = {423B2B77-7509-427B-B9D8-B6BAC2AC1AC7}
	EndGlobalSection
EndGlobal
